// !$*UTF8*$!
{
	archiveVersion = 1;
	classes = {
	};
	objectVersion = 56;
	objects = {

/* Begin PBXBuildFile section */
		07BE32C62AE02AE6002879D7 /* AppDelegate.swift in Sources */ = {isa = PBXBuildFile; fileRef = 07BE32C52AE02AE6002879D7 /* AppDelegate.swift */; };
		07BE32C82AE02AE6002879D7 /* SceneDelegate.swift in Sources */ = {isa = PBXBuildFile; fileRef = 07BE32C72AE02AE6002879D7 /* SceneDelegate.swift */; };
		07BE32CA2AE02AE6002879D7 /* ViewController.swift in Sources */ = {isa = PBXBuildFile; fileRef = 07BE32C92AE02AE6002879D7 /* ViewController.swift */; };
		07BE32CD2AE02AE6002879D7 /* Main.storyboard in Resources */ = {isa = PBXBuildFile; fileRef = 07BE32CB2AE02AE6002879D7 /* Main.storyboard */; };
		07BE32CF2AE02AE8002879D7 /* Assets.xcassets in Resources */ = {isa = PBXBuildFile; fileRef = 07BE32CE2AE02AE8002879D7 /* Assets.xcassets */; };
		07BE32D22AE02AE8002879D7 /* LaunchScreen.storyboard in Resources */ = {isa = PBXBuildFile; fileRef = 07BE32D02AE02AE8002879D7 /* LaunchScreen.storyboard */; };
		07BE32DD2AE02AE8002879D7 /* PiedraPapelTijeraTests.swift in Sources */ = {isa = PBXBuildFile; fileRef = 07BE32DC2AE02AE8002879D7 /* PiedraPapelTijeraTests.swift */; };
		07BE32E72AE02AE8002879D7 /* PiedraPapelTijeraUITests.swift in Sources */ = {isa = PBXBuildFile; fileRef = 07BE32E62AE02AE8002879D7 /* PiedraPapelTijeraUITests.swift */; };
		07BE32E92AE02AE8002879D7 /* PiedraPapelTijeraUITestsLaunchTests.swift in Sources */ = {isa = PBXBuildFile; fileRef = 07BE32E82AE02AE8002879D7 /* PiedraPapelTijeraUITestsLaunchTests.swift */; };
/* End PBXBuildFile section */

/* Begin PBXContainerItemProxy section */
		07BE32D92AE02AE8002879D7 /* PBXContainerItemProxy */ = {
			isa = PBXContainerItemProxy;
			containerPortal = 07BE32BA2AE02AE6002879D7 /* Project object */;
			proxyType = 1;
			remoteGlobalIDString = 07BE32C12AE02AE6002879D7;
			remoteInfo = PiedraPapelTijera;
		};
		07BE32E32AE02AE8002879D7 /* PBXContainerItemProxy */ = {
			isa = PBXContainerItemProxy;
			containerPortal = 07BE32BA2AE02AE6002879D7 /* Project object */;
			proxyType = 1;
			remoteGlobalIDString = 07BE32C12AE02AE6002879D7;
			remoteInfo = PiedraPapelTijera;
		};
/* End PBXContainerItemProxy section */

/* Begin PBXFileReference section */
		07BE32C22AE02AE6002879D7 /* PiedraPapelTijera.app */ = {isa = PBXFileReference; explicitFileType = wrapper.application; includeInIndex = 0; path = PiedraPapelTijera.app; sourceTree = BUILT_PRODUCTS_DIR; };
		07BE32C52AE02AE6002879D7 /* AppDelegate.swift */ = {isa = PBXFileReference; lastKnownFileType = sourcecode.swift; path = AppDelegate.swift; sourceTree = "<group>"; };
		07BE32C72AE02AE6002879D7 /* SceneDelegate.swift */ = {isa = PBXFileReference; lastKnownFileType = sourcecode.swift; path = SceneDelegate.swift; sourceTree = "<group>"; };
		07BE32C92AE02AE6002879D7 /* ViewController.swift */ = {isa = PBXFileReference; lastKnownFileType = sourcecode.swift; path = ViewController.swift; sourceTree = "<group>"; };
		07BE32CC2AE02AE6002879D7 /* Base */ = {isa = PBXFileReference; lastKnownFileType = file.storyboard; name = Base; path = Base.lproj/Main.storyboard; sourceTree = "<group>"; };
		07BE32CE2AE02AE8002879D7 /* Assets.xcassets */ = {isa = PBXFileReference; lastKnownFileType = folder.assetcatalog; path = Assets.xcassets; sourceTree = "<group>"; };
		07BE32D12AE02AE8002879D7 /* Base */ = {isa = PBXFileReference; lastKnownFileType = file.storyboard; name = Base; path = Base.lproj/LaunchScreen.storyboard; sourceTree = "<group>"; };
		07BE32D32AE02AE8002879D7 /* Info.plist */ = {isa = PBXFileReference; lastKnownFileType = text.plist.xml; path = Info.plist; sourceTree = "<group>"; };
		07BE32D82AE02AE8002879D7 /* PiedraPapelTijeraTests.xctest */ = {isa = PBXFileReference; explicitFileType = wrapper.cfbundle; includeInIndex = 0; path = PiedraPapelTijeraTests.xctest; sourceTree = BUILT_PRODUCTS_DIR; };
		07BE32DC2AE02AE8002879D7 /* PiedraPapelTijeraTests.swift */ = {isa = PBXFileReference; lastKnownFileType = sourcecode.swift; path = PiedraPapelTijeraTests.swift; sourceTree = "<group>"; };
		07BE32E22AE02AE8002879D7 /* PiedraPapelTijeraUITests.xctest */ = {isa = PBXFileReference; explicitFileType = wrapper.cfbundle; includeInIndex = 0; path = PiedraPapelTijeraUITests.xctest; sourceTree = BUILT_PRODUCTS_DIR; };
		07BE32E62AE02AE8002879D7 /* PiedraPapelTijeraUITests.swift */ = {isa = PBXFileReference; lastKnownFileType = sourcecode.swift; path = PiedraPapelTijeraUITests.swift; sourceTree = "<group>"; };
		07BE32E82AE02AE8002879D7 /* PiedraPapelTijeraUITestsLaunchTests.swift */ = {isa = PBXFileReference; lastKnownFileType = sourcecode.swift; path = PiedraPapelTijeraUITestsLaunchTests.swift; sourceTree = "<group>"; };
/* End PBXFileReference section */

/* Begin PBXFrameworksBuildPhase section */
		07BE32BF2AE02AE6002879D7 /* Frameworks */ = {
			isa = PBXFrameworksBuildPhase;
			buildActionMask = 2147483647;
			files = (
			);
			runOnlyForDeploymentPostprocessing = 0;
		};
		07BE32D52AE02AE8002879D7 /* Frameworks */ = {
			isa = PBXFrameworksBuildPhase;
			buildActionMask = 2147483647;
			files = (
			);
			runOnlyForDeploymentPostprocessing = 0;
		};
		07BE32DF2AE02AE8002879D7 /* Frameworks */ = {
			isa = PBXFrameworksBuildPhase;
			buildActionMask = 2147483647;
			files = (
			);
			runOnlyForDeploymentPostprocessing = 0;
		};
/* End PBXFrameworksBuildPhase section */

/* Begin PBXGroup section */
		07BE32B92AE02AE6002879D7 = {
			isa = PBXGroup;
			children = (
				07BE32C42AE02AE6002879D7 /* PiedraPapelTijera */,
				07BE32DB2AE02AE8002879D7 /* PiedraPapelTijeraTests */,
				07BE32E52AE02AE8002879D7 /* PiedraPapelTijeraUITests */,
				07BE32C32AE02AE6002879D7 /* Products */,
			);
			sourceTree = "<group>";
		};
		07BE32C32AE02AE6002879D7 /* Products */ = {
			isa = PBXGroup;
			children = (
				07BE32C22AE02AE6002879D7 /* PiedraPapelTijera.app */,
				07BE32D82AE02AE8002879D7 /* PiedraPapelTijeraTests.xctest */,
				07BE32E22AE02AE8002879D7 /* PiedraPapelTijeraUITests.xctest */,
			);
			name = Products;
			sourceTree = "<group>";
		};
		07BE32C42AE02AE6002879D7 /* PiedraPapelTijera */ = {
			isa = PBXGroup;
			children = (
				07BE32C52AE02AE6002879D7 /* AppDelegate.swift */,
				07BE32C72AE02AE6002879D7 /* SceneDelegate.swift */,
				07BE32C92AE02AE6002879D7 /* ViewController.swift */,
				07BE32CB2AE02AE6002879D7 /* Main.storyboard */,
				07BE32CE2AE02AE8002879D7 /* Assets.xcassets */,
				07BE32D02AE02AE8002879D7 /* LaunchScreen.storyboard */,
				07BE32D32AE02AE8002879D7 /* Info.plist */,
			);
			path = PiedraPapelTijera;
			sourceTree = "<group>";
		};
		07BE32DB2AE02AE8002879D7 /* PiedraPapelTijeraTests */ = {
			isa = PBXGroup;
			children = (
				07BE32DC2AE02AE8002879D7 /* PiedraPapelTijeraTests.swift */,
			);
			path = PiedraPapelTijeraTests;
			sourceTree = "<group>";
		};
		07BE32E52AE02AE8002879D7 /* PiedraPapelTijeraUITests */ = {
			isa = PBXGroup;
			children = (
				07BE32E62AE02AE8002879D7 /* PiedraPapelTijeraUITests.swift */,
				07BE32E82AE02AE8002879D7 /* PiedraPapelTijeraUITestsLaunchTests.swift */,
			);
			path = PiedraPapelTijeraUITests;
			sourceTree = "<group>";
		};
/* End PBXGroup section */

/* Begin PBXNativeTarget section */
		07BE32C12AE02AE6002879D7 /* PiedraPapelTijera */ = {
			isa = PBXNativeTarget;
			buildConfigurationList = 07BE32EC2AE02AE8002879D7 /* Build configuration list for PBXNativeTarget "PiedraPapelTijera" */;
			buildPhases = (
				07BE32BE2AE02AE6002879D7 /* Sources */,
				07BE32BF2AE02AE6002879D7 /* Frameworks */,
				07BE32C02AE02AE6002879D7 /* Resources */,
			);
			buildRules = (
			);
			dependencies = (
			);
			name = PiedraPapelTijera;
			productName = PiedraPapelTijera;
			productReference = 07BE32C22AE02AE6002879D7 /* PiedraPapelTijera.app */;
			productType = "com.apple.product-type.application";
		};
		07BE32D72AE02AE8002879D7 /* PiedraPapelTijeraTests */ = {
			isa = PBXNativeTarget;
			buildConfigurationList = 07BE32EF2AE02AE8002879D7 /* Build configuration list for PBXNativeTarget "PiedraPapelTijeraTests" */;
			buildPhases = (
				07BE32D42AE02AE8002879D7 /* Sources */,
				07BE32D52AE02AE8002879D7 /* Frameworks */,
				07BE32D62AE02AE8002879D7 /* Resources */,
			);
			buildRules = (
			);
			dependencies = (
				07BE32DA2AE02AE8002879D7 /* PBXTargetDependency */,
			);
			name = PiedraPapelTijeraTests;
			productName = PiedraPapelTijeraTests;
			productReference = 07BE32D82AE02AE8002879D7 /* PiedraPapelTijeraTests.xctest */;
			productType = "com.apple.product-type.bundle.unit-test";
		};
		07BE32E12AE02AE8002879D7 /* PiedraPapelTijeraUITests */ = {
			isa = PBXNativeTarget;
			buildConfigurationList = 07BE32F22AE02AE8002879D7 /* Build configuration list for PBXNativeTarget "PiedraPapelTijeraUITests" */;
			buildPhases = (
				07BE32DE2AE02AE8002879D7 /* Sources */,
				07BE32DF2AE02AE8002879D7 /* Frameworks */,
				07BE32E02AE02AE8002879D7 /* Resources */,
			);
			buildRules = (
			);
			dependencies = (
				07BE32E42AE02AE8002879D7 /* PBXTargetDependency */,
			);
			name = PiedraPapelTijeraUITests;
			productName = PiedraPapelTijeraUITests;
			productReference = 07BE32E22AE02AE8002879D7 /* PiedraPapelTijeraUITests.xctest */;
			productType = "com.apple.product-type.bundle.ui-testing";
		};
/* End PBXNativeTarget section */

/* Begin PBXProject section */
		07BE32BA2AE02AE6002879D7 /* Project object */ = {
			isa = PBXProject;
			attributes = {
				BuildIndependentTargetsInParallel = 1;
				LastSwiftUpdateCheck = 1420;
				LastUpgradeCheck = 1420;
				TargetAttributes = {
					07BE32C12AE02AE6002879D7 = {
						CreatedOnToolsVersion = 14.2;
					};
					07BE32D72AE02AE8002879D7 = {
						CreatedOnToolsVersion = 14.2;
						TestTargetID = 07BE32C12AE02AE6002879D7;
					};
					07BE32E12AE02AE8002879D7 = {
						CreatedOnToolsVersion = 14.2;
						TestTargetID = 07BE32C12AE02AE6002879D7;
					};
				};
			};
			buildConfigurationList = 07BE32BD2AE02AE6002879D7 /* Build configuration list for PBXProject "PiedraPapelTijera" */;
			compatibilityVersion = "Xcode 14.0";
			developmentRegion = en;
			hasScannedForEncodings = 0;
			knownRegions = (
				en,
				Base,
			);
			mainGroup = 07BE32B92AE02AE6002879D7;
			productRefGroup = 07BE32C32AE02AE6002879D7 /* Products */;
			projectDirPath = "";
			projectRoot = "";
			targets = (
				07BE32C12AE02AE6002879D7 /* PiedraPapelTijera */,
				07BE32D72AE02AE8002879D7 /* PiedraPapelTijeraTests */,
				07BE32E12AE02AE8002879D7 /* PiedraPapelTijeraUITests */,
			);
		};
/* End PBXProject section */

/* Begin PBXResourcesBuildPhase section */
		07BE32C02AE02AE6002879D7 /* Resources */ = {
			isa = PBXResourcesBuildPhase;
			buildActionMask = 2147483647;
			files = (
				07BE32D22AE02AE8002879D7 /* LaunchScreen.storyboard in Resources */,
				07BE32CF2AE02AE8002879D7 /* Assets.xcassets in Resources */,
				07BE32CD2AE02AE6002879D7 /* Main.storyboard in Resources */,
			);
			runOnlyForDeploymentPostprocessing = 0;
		};
		07BE32D62AE02AE8002879D7 /* Resources */ = {
			isa = PBXResourcesBuildPhase;
			buildActionMask = 2147483647;
			files = (
			);
			runOnlyForDeploymentPostprocessing = 0;
		};
		07BE32E02AE02AE8002879D7 /* Resources */ = {
			isa = PBXResourcesBuildPhase;
			buildActionMask = 2147483647;
			files = (
			);
			runOnlyForDeploymentPostprocessing = 0;
		};
/* End PBXResourcesBuildPhase section */

/* Begin PBXSourcesBuildPhase section */
		07BE32BE2AE02AE6002879D7 /* Sources */ = {
			isa = PBXSourcesBuildPhase;
			buildActionMask = 2147483647;
			files = (
				07BE32CA2AE02AE6002879D7 /* ViewController.swift in Sources */,
				07BE32C62AE02AE6002879D7 /* AppDelegate.swift in Sources */,
				07BE32C82AE02AE6002879D7 /* SceneDelegate.swift in Sources */,
			);
			runOnlyForDeploymentPostprocessing = 0;
		};
		07BE32D42AE02AE8002879D7 /* Sources */ = {
			isa = PBXSourcesBuildPhase;
			buildActionMask = 2147483647;
			files = (
				07BE32DD2AE02AE8002879D7 /* PiedraPapelTijeraTests.swift in Sources */,
			);
			runOnlyForDeploymentPostprocessing = 0;
		};
		07BE32DE2AE02AE8002879D7 /* Sources */ = {
			isa = PBXSourcesBuildPhase;
			buildActionMask = 2147483647;
			files = (
				07BE32E72AE02AE8002879D7 /* PiedraPapelTijeraUITests.swift in Sources */,
				07BE32E92AE02AE8002879D7 /* PiedraPapelTijeraUITestsLaunchTests.swift in Sources */,
			);
			runOnlyForDeploymentPostprocessing = 0;
		};
/* End PBXSourcesBuildPhase section */

/* Begin PBXTargetDependency section */
		07BE32DA2AE02AE8002879D7 /* PBXTargetDependency */ = {
			isa = PBXTargetDependency;
			target = 07BE32C12AE02AE6002879D7 /* PiedraPapelTijera */;
			targetProxy = 07BE32D92AE02AE8002879D7 /* PBXContainerItemProxy */;
		};
		07BE32E42AE02AE8002879D7 /* PBXTargetDependency */ = {
			isa = PBXTargetDependency;
			target = 07BE32C12AE02AE6002879D7 /* PiedraPapelTijera */;
			targetProxy = 07BE32E32AE02AE8002879D7 /* PBXContainerItemProxy */;
		};
/* End PBXTargetDependency section */

/* Begin PBXVariantGroup section */
		07BE32CB2AE02AE6002879D7 /* Main.storyboard */ = {
			isa = PBXVariantGroup;
			children = (
				07BE32CC2AE02AE6002879D7 /* Base */,
			);
			name = Main.storyboard;
			sourceTree = "<group>";
		};
		07BE32D02AE02AE8002879D7 /* LaunchScreen.storyboard */ = {
			isa = PBXVariantGroup;
			children = (
				07BE32D12AE02AE8002879D7 /* Base */,
			);
			name = LaunchScreen.storyboard;
			sourceTree = "<group>";
		};
/* End PBXVariantGroup section */

/* Begin XCBuildConfiguration section */
		07BE32EA2AE02AE8002879D7 /* Debug */ = {
			isa = XCBuildConfiguration;
			buildSettings = {
				ALWAYS_SEARCH_USER_PATHS = NO;
				CLANG_ANALYZER_NONNULL = YES;
				CLANG_ANALYZER_NUMBER_OBJECT_CONVERSION = YES_AGGRESSIVE;
				CLANG_CXX_LANGUAGE_STANDARD = "gnu++20";
				CLANG_ENABLE_MODULES = YES;
				CLANG_ENABLE_OBJC_ARC = YES;
				CLANG_ENABLE_OBJC_WEAK = YES;
				CLANG_WARN_BLOCK_CAPTURE_AUTORELEASING = YES;
				CLANG_WARN_BOOL_CONVERSION = YES;
				CLANG_WARN_COMMA = YES;
				CLANG_WARN_CONSTANT_CONVERSION = YES;
				CLANG_WARN_DEPRECATED_OBJC_IMPLEMENTATIONS = YES;
				CLANG_WARN_DIRECT_OBJC_ISA_USAGE = YES_ERROR;
				CLANG_WARN_DOCUMENTATION_COMMENTS = YES;
				CLANG_WARN_EMPTY_BODY = YES;
				CLANG_WARN_ENUM_CONVERSION = YES;
				CLANG_WARN_INFINITE_RECURSION = YES;
				CLANG_WARN_INT_CONVERSION = YES;
				CLANG_WARN_NON_LITERAL_NULL_CONVERSION = YES;
				CLANG_WARN_OBJC_IMPLICIT_RETAIN_SELF = YES;
				CLANG_WARN_OBJC_LITERAL_CONVERSION = YES;
				CLANG_WARN_OBJC_ROOT_CLASS = YES_ERROR;
				CLANG_WARN_QUOTED_INCLUDE_IN_FRAMEWORK_HEADER = YES;
				CLANG_WARN_RANGE_LOOP_ANALYSIS = YES;
				CLANG_WARN_STRICT_PROTOTYPES = YES;
				CLANG_WARN_SUSPICIOUS_MOVE = YES;
				CLANG_WARN_UNGUARDED_AVAILABILITY = YES_AGGRESSIVE;
				CLANG_WARN_UNREACHABLE_CODE = YES;
				CLANG_WARN__DUPLICATE_METHOD_MATCH = YES;
				COPY_PHASE_STRIP = NO;
				DEBUG_INFORMATION_FORMAT = dwarf;
				ENABLE_STRICT_OBJC_MSGSEND = YES;
				ENABLE_TESTABILITY = YES;
				GCC_C_LANGUAGE_STANDARD = gnu11;
				GCC_DYNAMIC_NO_PIC = NO;
				GCC_NO_COMMON_BLOCKS = YES;
				GCC_OPTIMIZATION_LEVEL = 0;
				GCC_PREPROCESSOR_DEFINITIONS = (
					"DEBUG=1",
					"$(inherited)",
				);
				GCC_WARN_64_TO_32_BIT_CONVERSION = YES;
				GCC_WARN_ABOUT_RETURN_TYPE = YES_ERROR;
				GCC_WARN_UNDECLARED_SELECTOR = YES;
				GCC_WARN_UNINITIALIZED_AUTOS = YES_AGGRESSIVE;
				GCC_WARN_UNUSED_FUNCTION = YES;
				GCC_WARN_UNUSED_VARIABLE = YES;
				IPHONEOS_DEPLOYMENT_TARGET = 16.2;
				MTL_ENABLE_DEBUG_INFO = INCLUDE_SOURCE;
				MTL_FAST_MATH = YES;
				ONLY_ACTIVE_ARCH = YES;
				SDKROOT = iphoneos;
				SWIFT_ACTIVE_COMPILATION_CONDITIONS = DEBUG;
				SWIFT_OPTIMIZATION_LEVEL = "-Onone";
			};
			name = Debug;
		};
		07BE32EB2AE02AE8002879D7 /* Release */ = {
			isa = XCBuildConfiguration;
			buildSettings = {
				ALWAYS_SEARCH_USER_PATHS = NO;
				CLANG_ANALYZER_NONNULL = YES;
				CLANG_ANALYZER_NUMBER_OBJECT_CONVERSION = YES_AGGRESSIVE;
				CLANG_CXX_LANGUAGE_STANDARD = "gnu++20";
				CLANG_ENABLE_MODULES = YES;
				CLANG_ENABLE_OBJC_ARC = YES;
				CLANG_ENABLE_OBJC_WEAK = YES;
				CLANG_WARN_BLOCK_CAPTURE_AUTORELEASING = YES;
				CLANG_WARN_BOOL_CONVERSION = YES;
				CLANG_WARN_COMMA = YES;
				CLANG_WARN_CONSTANT_CONVERSION = YES;
				CLANG_WARN_DEPRECATED_OBJC_IMPLEMENTATIONS = YES;
				CLANG_WARN_DIRECT_OBJC_ISA_USAGE = YES_ERROR;
				CLANG_WARN_DOCUMENTATION_COMMENTS = YES;
				CLANG_WARN_EMPTY_BODY = YES;
				CLANG_WARN_ENUM_CONVERSION = YES;
				CLANG_WARN_INFINITE_RECURSION = YES;
				CLANG_WARN_INT_CONVERSION = YES;
				CLANG_WARN_NON_LITERAL_NULL_CONVERSION = YES;
				CLANG_WARN_OBJC_IMPLICIT_RETAIN_SELF = YES;
				CLANG_WARN_OBJC_LITERAL_CONVERSION = YES;
				CLANG_WARN_OBJC_ROOT_CLASS = YES_ERROR;
				CLANG_WARN_QUOTED_INCLUDE_IN_FRAMEWORK_HEADER = YES;
				CLANG_WARN_RANGE_LOOP_ANALYSIS = YES;
				CLANG_WARN_STRICT_PROTOTYPES = YES;
				CLANG_WARN_SUSPICIOUS_MOVE = YES;
				CLANG_WARN_UNGUARDED_AVAILABILITY = YES_AGGRESSIVE;
				CLANG_WARN_UNREACHABLE_CODE = YES;
				CLANG_WARN__DUPLICATE_METHOD_MATCH = YES;
				COPY_PHASE_STRIP = NO;
				DEBUG_INFORMATION_FORMAT = "dwarf-with-dsym";
				ENABLE_NS_ASSERTIONS = NO;
				ENABLE_STRICT_OBJC_MSGSEND = YES;
				GCC_C_LANGUAGE_STANDARD = gnu11;
				GCC_NO_COMMON_BLOCKS = YES;
				GCC_WARN_64_TO_32_BIT_CONVERSION = YES;
				GCC_WARN_ABOUT_RETURN_TYPE = YES_ERROR;
				GCC_WARN_UNDECLARED_SELECTOR = YES;
				GCC_WARN_UNINITIALIZED_AUTOS = YES_AGGRESSIVE;
				GCC_WARN_UNUSED_FUNCTION = YES;
				GCC_WARN_UNUSED_VARIABLE = YES;
				IPHONEOS_DEPLOYMENT_TARGET = 16.2;
				MTL_ENABLE_DEBUG_INFO = NO;
				MTL_FAST_MATH = YES;
				SDKROOT = iphoneos;
				SWIFT_COMPILATION_MODE = wholemodule;
				SWIFT_OPTIMIZATION_LEVEL = "-O";
				VALIDATE_PRODUCT = YES;
			};
			name = Release;
		};
		07BE32ED2AE02AE8002879D7 /* Debug */ = {
			isa = XCBuildConfiguration;
			buildSettings = {
				ASSETCATALOG_COMPILER_APPICON_NAME = AppIcon;
				ASSETCATALOG_COMPILER_GLOBAL_ACCENT_COLOR_NAME = AccentColor;
				CODE_SIGN_STYLE = Automatic;
				CURRENT_PROJECT_VERSION = 1;
				GENERATE_INFOPLIST_FILE = YES;
				INFOPLIST_FILE = PiedraPapelTijera/Info.plist;
				INFOPLIST_KEY_UIApplicationSupportsIndirectInputEvents = YES;
				INFOPLIST_KEY_UILaunchStoryboardName = LaunchScreen;
				INFOPLIST_KEY_UIMainStoryboardFile = Main;
				INFOPLIST_KEY_UISupportedInterfaceOrientations_iPad = "UIInterfaceOrientationPortrait UIInterfaceOrientationPortraitUpsideDown UIInterfaceOrientationLandscapeLeft UIInterfaceOrientationLandscapeRight";
				INFOPLIST_KEY_UISupportedInterfaceOrientations_iPhone = "UIInterfaceOrientationPortrait UIInterfaceOrientationLandscapeLeft UIInterfaceOrientationLandscapeRight";
				LD_RUNPATH_SEARCH_PATHS = (
					"$(inherited)",
					"@executable_path/Frameworks",
				);
				MARKETING_VERSION = 1.0;
				PRODUCT_BUNDLE_IDENTIFIER = carlos.robert.PiedraPapelTijera;
				PRODUCT_NAME = "$(TARGET_NAME)";
				SWIFT_EMIT_LOC_STRINGS = YES;
				SWIFT_VERSION = 5.0;
				TARGETED_DEVICE_FAMILY = "1,2";
			};
			name = Debug;
		};
		07BE32EE2AE02AE8002879D7 /* Release */ = {
			isa = XCBuildConfiguration;
			buildSettings = {
				ASSETCATALOG_COMPILER_APPICON_NAME = AppIcon;
				ASSETCATALOG_COMPILER_GLOBAL_ACCENT_COLOR_NAME = AccentColor;
				CODE_SIGN_STYLE = Automatic;
				CURRENT_PROJECT_VERSION = 1;
				GENERATE_INFOPLIST_FILE = YES;
				INFOPLIST_FILE = PiedraPapelTijera/Info.plist;
				INFOPLIST_KEY_UIApplicationSupportsIndirectInputEvents = YES;
				INFOPLIST_KEY_UILaunchStoryboardName = LaunchScreen;
				INFOPLIST_KEY_UIMainStoryboardFile = Main;
				INFOPLIST_KEY_UISupportedInterfaceOrientations_iPad = "UIInterfaceOrientationPortrait UIInterfaceOrientationPortraitUpsideDown UIInterfaceOrientationLandscapeLeft UIInterfaceOrientationLandscapeRight";
				INFOPLIST_KEY_UISupportedInterfaceOrientations_iPhone = "UIInterfaceOrientationPortrait UIInterfaceOrientationLandscapeLeft UIInterfaceOrientationLandscapeRight";
				LD_RUNPATH_SEARCH_PATHS = (
					"$(inherited)",
					"@executable_path/Frameworks",
				);
				MARKETING_VERSION = 1.0;
				PRODUCT_BUNDLE_IDENTIFIER = carlos.robert.PiedraPapelTijera;
				PRODUCT_NAME = "$(TARGET_NAME)";
				SWIFT_EMIT_LOC_STRINGS = YES;
				SWIFT_VERSION = 5.0;
				TARGETED_DEVICE_FAMILY = "1,2";
			};
			name = Release;
		};
		07BE32F02AE02AE8002879D7 /* Debug */ = {
			isa = XCBuildConfiguration;
			buildSettings = {
				ALWAYS_EMBED_SWIFT_STANDARD_LIBRARIES = YES;
				BUNDLE_LOADER = "$(TEST_HOST)";
				CODE_SIGN_STYLE = Automatic;
				CURRENT_PROJECT_VERSION = 1;
				GENERATE_INFOPLIST_FILE = YES;
				IPHONEOS_DEPLOYMENT_TARGET = 16.2;
				MARKETING_VERSION = 1.0;
				PRODUCT_BUNDLE_IDENTIFIER = carlos.robert.PiedraPapelTijeraTests;
				PRODUCT_NAME = "$(TARGET_NAME)";
				SWIFT_EMIT_LOC_STRINGS = NO;
				SWIFT_VERSION = 5.0;
				TARGETED_DEVICE_FAMILY = "1,2";
				TEST_HOST = "$(BUILT_PRODUCTS_DIR)/PiedraPapelTijera.app/$(BUNDLE_EXECUTABLE_FOLDER_PATH)/PiedraPapelTijera";
			};
			name = Debug;
		};
		07BE32F12AE02AE8002879D7 /* Release */ = {
			isa = XCBuildConfiguration;
			buildSettings = {
				ALWAYS_EMBED_SWIFT_STANDARD_LIBRARIES = YES;
				BUNDLE_LOADER = "$(TEST_HOST)";
				CODE_SIGN_STYLE = Automatic;
				CURRENT_PROJECT_VERSION = 1;
				GENERATE_INFOPLIST_FILE = YES;
				IPHONEOS_DEPLOYMENT_TARGET = 16.2;
				MARKETING_VERSION = 1.0;
				PRODUCT_BUNDLE_IDENTIFIER = carlos.robert.PiedraPapelTijeraTests;
				PRODUCT_NAME = "$(TARGET_NAME)";
				SWIFT_EMIT_LOC_STRINGS = NO;
				SWIFT_VERSION = 5.0;
				TARGETED_DEVICE_FAMILY = "1,2";
				TEST_HOST = "$(BUILT_PRODUCTS_DIR)/PiedraPapelTijera.app/$(BUNDLE_EXECUTABLE_FOLDER_PATH)/PiedraPapelTijera";
			};
			name = Release;
		};
		07BE32F32AE02AE8002879D7 /* Debug */ = {
			isa = XCBuildConfiguration;
			buildSettings = {
				ALWAYS_EMBED_SWIFT_STANDARD_LIBRARIES = YES;
				CODE_SIGN_STYLE = Automatic;
				CURRENT_PROJECT_VERSION = 1;
				GENERATE_INFOPLIST_FILE = YES;
				MARKETING_VERSION = 1.0;
				PRODUCT_BUNDLE_IDENTIFIER = carlos.robert.PiedraPapelTijeraUITests;
				PRODUCT_NAME = "$(TARGET_NAME)";
				SWIFT_EMIT_LOC_STRINGS = NO;
				SWIFT_VERSION = 5.0;
				TARGETED_DEVICE_FAMILY = "1,2";
				TEST_TARGET_NAME = PiedraPapelTijera;
			};
			name = Debug;
		};
		07BE32F42AE02AE8002879D7 /* Release */ = {
			isa = XCBuildConfiguration;
			buildSettings = {
				ALWAYS_EMBED_SWIFT_STANDARD_LIBRARIES = YES;
				CODE_SIGN_STYLE = Automatic;
				CURRENT_PROJECT_VERSION = 1;
				GENERATE_INFOPLIST_FILE = YES;
				MARKETING_VERSION = 1.0;
				PRODUCT_BUNDLE_IDENTIFIER = carlos.robert.PiedraPapelTijeraUITests;
				PRODUCT_NAME = "$(TARGET_NAME)";
				SWIFT_EMIT_LOC_STRINGS = NO;
				SWIFT_VERSION = 5.0;
				TARGETED_DEVICE_FAMILY = "1,2";
				TEST_TARGET_NAME = PiedraPapelTijera;
			};
			name = Release;
		};
/* End XCBuildConfiguration section */

/* Begin XCConfigurationList section */
		07BE32BD2AE02AE6002879D7 /* Build configuration list for PBXProject "PiedraPapelTijera" */ = {
			isa = XCConfigurationList;
			buildConfigurations = (
				07BE32EA2AE02AE8002879D7 /* Debug */,
				07BE32EB2AE02AE8002879D7 /* Release */,
			);
			defaultConfigurationIsVisible = 0;
			defaultConfigurationName = Release;
		};
		07BE32EC2AE02AE8002879D7 /* Build configuration list for PBXNativeTarget "PiedraPapelTijera" */ = {
			isa = XCConfigurationList;
			buildConfigurations = (
				07BE32ED2AE02AE8002879D7 /* Debug */,
				07BE32EE2AE02AE8002879D7 /* Release */,
			);
			defaultConfigurationIsVisible = 0;
			defaultConfigurationName = Release;
		};
		07BE32EF2AE02AE8002879D7 /* Build configuration list for PBXNativeTarget "PiedraPapelTijeraTests" */ = {
			isa = XCConfigurationList;
			buildConfigurations = (
				07BE32F02AE02AE8002879D7 /* Debug */,
				07BE32F12AE02AE8002879D7 /* Release */,
			);
			defaultConfigurationIsVisible = 0;
			defaultConfigurationName = Release;
		};
		07BE32F22AE02AE8002879D7 /* Build configuration list for PBXNativeTarget "PiedraPapelTijeraUITests" */ = {
			isa = XCConfigurationList;
			buildConfigurations = (
				07BE32F32AE02AE8002879D7 /* Debug */,
				07BE32F42AE02AE8002879D7 /* Release */,
			);
			defaultConfigurationIsVisible = 0;
			defaultConfigurationName = Release;
		};
/* End XCConfigurationList section */
	};
	rootObject = 07BE32BA2AE02AE6002879D7 /* Project object */;
}
